
Microsoft Visual Studio Solution File, Format Version 12.00
# Visual Studio Version 17
VisualStudioVersion = 17.4.33213.308
MinimumVisualStudioVersion = 10.0.40219.1
Project("{FAE04EC0-301F-11D3-BF4B-00C04F79EFBC}") = "hesapmakinesi2", "hesapmakinesi2\hesapmakinesi2.csproj", "{B7B0654B-FAB4-4A89-973F-0F082ECC2246}"
EndProject
Global
	GlobalSection(SolutionConfigurationPlatforms) = preSolution
		Debug|Any CPU = Debug|Any CPU
		Release|Any CPU = Release|Any CPU
	EndGlobalSection
	GlobalSection(ProjectConfigurationPlatforms) = postSolution
		{B7B0654B-FAB4-4A89-973F-0F082ECC2246}.Debug|Any CPU.ActiveCfg = Debug|Any CPU
		{B7B0654B-FAB4-4A89-973F-0F082ECC2246}.Debug|Any CPU.Build.0 = Debug|Any CPU
		{B7B0654B-FAB4-4A89-973F-0F082ECC2246}.Release|Any CPU.ActiveCfg = Release|Any CPU
		{B7B0654B-FAB4-4A89-973F-0F082ECC2246}.Release|Any CPU.Build.0 = Release|Any CPU
	EndGlobalSection
	GlobalSection(SolutionProperties) = preSolution
		HideSolutionNode = FALSE
	EndGlobalSection
	GlobalSection(ExtensibilityGlobals) = postSolution
		SolutionGuid = {D52E6E6E-2B21-4C1B-87C2-FFA45F446424}
	EndGlobalSection
EndGlobal
